
Microsoft Visual Studio Solution File, Format Version 12.00
# Visual Studio Version 17
VisualStudioVersion = 17.2.32630.192
MinimumVisualStudioVersion = 10.0.40219.1
Project("{FAE04EC0-301F-11D3-BF4B-00C04F79EFBC}") = "AI_CNPM", "AI_CNPM\AI_CNPM.csproj", "{42F292D1-C4A7-4B05-BF28-04A7C01B73BE}"
EndProject
Global
	GlobalSection(SolutionConfigurationPlatforms) = preSolution
		Debug|Any CPU = Debug|Any CPU
		Release|Any CPU = Release|Any CPU
	EndGlobalSection
	GlobalSection(ProjectConfigurationPlatforms) = postSolution
		{42F292D1-C4A7-4B05-BF28-04A7C01B73BE}.Debug|Any CPU.ActiveCfg = Debug|Any CPU
		{42F292D1-C4A7-4B05-BF28-04A7C01B73BE}.Debug|Any CPU.Build.0 = Debug|Any CPU
		{42F292D1-C4A7-4B05-BF28-04A7C01B73BE}.Release|Any CPU.ActiveCfg = Release|Any CPU
		{42F292D1-C4A7-4B05-BF28-04A7C01B73BE}.Release|Any CPU.Build.0 = Release|Any CPU
	EndGlobalSection
	GlobalSection(SolutionProperties) = preSolution
		HideSolutionNode = FALSE
	EndGlobalSection
	GlobalSection(ExtensibilityGlobals) = postSolution
		SolutionGuid = {12BAD982-6B30-4D44-BD01-71D8DAA2F357}
	EndGlobalSection
EndGlobal
